
Microsoft Visual Studio Solution File, Format Version 12.00
# Visual Studio Version 17
VisualStudioVersion = 17.2.32516.85
MinimumVisualStudioVersion = 10.0.40219.1
Project("{8BC9CEB8-8B4A-11D0-8D11-00A0C91BC942}") = "Wordle", "Wordle.vcxproj", "{198D00E6-27FF-4E4D-848A-FC55C41AA8ED}"
EndProject
Global
	GlobalSection(SolutionConfigurationPlatforms) = preSolution
		Debug|x64 = Debug|x64
		Debug|x86 = Debug|x86
		Release|x64 = Release|x64
		Release|x86 = Release|x86
	EndGlobalSection
	GlobalSection(ProjectConfigurationPlatforms) = postSolution
		{198D00E6-27FF-4E4D-848A-FC55C41AA8ED}.Debug|x64.ActiveCfg = Debug|x64
		{198D00E6-27FF-4E4D-848A-FC55C41AA8ED}.Debug|x64.Build.0 = Debug|x64
		{198D00E6-27FF-4E4D-848A-FC55C41AA8ED}.Debug|x86.ActiveCfg = Debug|Win32
		{198D00E6-27FF-4E4D-848A-FC55C41AA8ED}.Debug|x86.Build.0 = Debug|Win32
		{198D00E6-27FF-4E4D-848A-FC55C41AA8ED}.Release|x64.ActiveCfg = Release|x64
		{198D00E6-27FF-4E4D-848A-FC55C41AA8ED}.Release|x64.Build.0 = Release|x64
		{198D00E6-27FF-4E4D-848A-FC55C41AA8ED}.Release|x86.ActiveCfg = Release|Win32
		{198D00E6-27FF-4E4D-848A-FC55C41AA8ED}.Release|x86.Build.0 = Release|Win32
	EndGlobalSection
	GlobalSection(SolutionProperties) = preSolution
		HideSolutionNode = FALSE
	EndGlobalSection
	GlobalSection(ExtensibilityGlobals) = postSolution
		SolutionGuid = {9B71A58F-D546-48B3-BE7C-F983E4981453}
	EndGlobalSection
EndGlobal
